# THIS IS AN AUTOGENERATED FILE. DO NOT EDIT THIS FILE DIRECTLY.
# yarn lockfile v1


atom@^1.1.0:
  version "1.1.0"
  resolved "https://registry.yarnpkg.com/atom/-/atom-1.1.0.tgz#3b56fd5ff7b2bbfcc686f38cfb80f067a2b7aedc"

coffeescript@^2.2.1:
  version "2.2.1"
  resolved "https://registry.yarnpkg.com/coffeescript/-/coffeescript-2.2.1.tgz#39fa2ac2e369f9bf0c651792e1f74552b4081b8e"

figlet@^1.2.0:
  version "1.2.0"
  resolved "https://registry.yarnpkg.com/figlet/-/figlet-1.2.0.tgz#6c46537378fab649146b5a6143dda019b430b410"
